
Microsoft Visual Studio Solution File, Format Version 12.00
# Visual Studio Version 17
VisualStudioVersion = 17.0.31903.59
MinimumVisualStudioVersion = 10.0.40219.1
Project("{FAE04EC0-301F-11D3-BF4B-00C04F79EFBC}") = "WeaponShop", "WeaponShop.csproj", "{D3719F3D-8373-453E-9412-ECB930B8C5C8}"
EndProject
Global
	GlobalSection(SolutionConfigurationPlatforms) = preSolution
		Debug|Any CPU = Debug|Any CPU
		Release|Any CPU = Release|Any CPU
	EndGlobalSection
	GlobalSection(ProjectConfigurationPlatforms) = postSolution
		{D3719F3D-8373-453E-9412-ECB930B8C5C8}.Debug|Any CPU.ActiveCfg = Debug|Any CPU
		{D3719F3D-8373-453E-9412-ECB930B8C5C8}.Debug|Any CPU.Build.0 = Debug|Any CPU
		{D3719F3D-8373-453E-9412-ECB930B8C5C8}.Release|Any CPU.ActiveCfg = Release|Any CPU
		{D3719F3D-8373-453E-9412-ECB930B8C5C8}.Release|Any CPU.Build.0 = Release|Any CPU
	EndGlobalSection
	GlobalSection(SolutionProperties) = preSolution
		HideSolutionNode = FALSE
	EndGlobalSection
	GlobalSection(ExtensibilityGlobals) = postSolution
		SolutionGuid = {1C720801-6CE1-4E49-9744-70B0CFDB6F71}
	EndGlobalSection
EndGlobal
